
Microsoft Visual Studio Solution File, Format Version 12.00
# Visual Studio Version 17
VisualStudioVersion = 17.2.32630.192
MinimumVisualStudioVersion = 15.0.26124.0
Project("{9A19103F-16F7-4668-BE54-9A1E7A4F7556}") = "PSRule.Rules.GitHub", "src\PSRule.Rules.GitHub\PSRule.Rules.GitHub.csproj", "{D6140D02-6DFF-40BB-A472-3A79AF7341FC}"
EndProject
Project("{9A19103F-16F7-4668-BE54-9A1E7A4F7556}") = "PSRule.Rules.GitHub.Tests", "tests\PSRule.Rules.GitHub.Tests\PSRule.Rules.GitHub.Tests.csproj", "{9FF459F0-C7BC-4936-9FC3-4D92B30B02A1}"
EndProject
Project("{9A19103F-16F7-4668-BE54-9A1E7A4F7556}") = "SDK", "src\SDK\SDK.csproj", "{2698482D-5A3D-4D8E-983E-DE70D45BF3B2}"
EndProject
Global
	GlobalSection(SolutionConfigurationPlatforms) = preSolution
		Debug|Any CPU = Debug|Any CPU
		Debug|x64 = Debug|x64
		Debug|x86 = Debug|x86
		Release|Any CPU = Release|Any CPU
		Release|x64 = Release|x64
		Release|x86 = Release|x86
	EndGlobalSection
	GlobalSection(ProjectConfigurationPlatforms) = postSolution
		{D6140D02-6DFF-40BB-A472-3A79AF7341FC}.Debug|Any CPU.ActiveCfg = Debug|Any CPU
		{D6140D02-6DFF-40BB-A472-3A79AF7341FC}.Debug|Any CPU.Build.0 = Debug|Any CPU
		{D6140D02-6DFF-40BB-A472-3A79AF7341FC}.Debug|x64.ActiveCfg = Debug|Any CPU
		{D6140D02-6DFF-40BB-A472-3A79AF7341FC}.Debug|x64.Build.0 = Debug|Any CPU
		{D6140D02-6DFF-40BB-A472-3A79AF7341FC}.Debug|x86.ActiveCfg = Debug|Any CPU
		{D6140D02-6DFF-40BB-A472-3A79AF7341FC}.Debug|x86.Build.0 = Debug|Any CPU
		{D6140D02-6DFF-40BB-A472-3A79AF7341FC}.Release|Any CPU.ActiveCfg = Release|Any CPU
		{D6140D02-6DFF-40BB-A472-3A79AF7341FC}.Release|Any CPU.Build.0 = Release|Any CPU
		{D6140D02-6DFF-40BB-A472-3A79AF7341FC}.Release|x64.ActiveCfg = Release|Any CPU
		{D6140D02-6DFF-40BB-A472-3A79AF7341FC}.Release|x64.Build.0 = Release|Any CPU
		{D6140D02-6DFF-40BB-A472-3A79AF7341FC}.Release|x86.ActiveCfg = Release|Any CPU
		{D6140D02-6DFF-40BB-A472-3A79AF7341FC}.Release|x86.Build.0 = Release|Any CPU
		{9FF459F0-C7BC-4936-9FC3-4D92B30B02A1}.Debug|Any CPU.ActiveCfg = Debug|Any CPU
		{9FF459F0-C7BC-4936-9FC3-4D92B30B02A1}.Debug|Any CPU.Build.0 = Debug|Any CPU
		{9FF459F0-C7BC-4936-9FC3-4D92B30B02A1}.Debug|x64.ActiveCfg = Debug|Any CPU
		{9FF459F0-C7BC-4936-9FC3-4D92B30B02A1}.Debug|x64.Build.0 = Debug|Any CPU
		{9FF459F0-C7BC-4936-9FC3-4D92B30B02A1}.Debug|x86.ActiveCfg = Debug|Any CPU
		{9FF459F0-C7BC-4936-9FC3-4D92B30B02A1}.Debug|x86.Build.0 = Debug|Any CPU
		{9FF459F0-C7BC-4936-9FC3-4D92B30B02A1}.Release|Any CPU.ActiveCfg = Release|Any CPU
		{9FF459F0-C7BC-4936-9FC3-4D92B30B02A1}.Release|Any CPU.Build.0 = Release|Any CPU
		{9FF459F0-C7BC-4936-9FC3-4D92B30B02A1}.Release|x64.ActiveCfg = Release|Any CPU
		{9FF459F0-C7BC-4936-9FC3-4D92B30B02A1}.Release|x64.Build.0 = Release|Any CPU
		{9FF459F0-C7BC-4936-9FC3-4D92B30B02A1}.Release|x86.ActiveCfg = Release|Any CPU
		{9FF459F0-C7BC-4936-9FC3-4D92B30B02A1}.Release|x86.Build.0 = Release|Any CPU
		{2698482D-5A3D-4D8E-983E-DE70D45BF3B2}.Debug|Any CPU.ActiveCfg = Debug|Any CPU
		{2698482D-5A3D-4D8E-983E-DE70D45BF3B2}.Debug|Any CPU.Build.0 = Debug|Any CPU
		{2698482D-5A3D-4D8E-983E-DE70D45BF3B2}.Debug|x64.ActiveCfg = Debug|Any CPU
		{2698482D-5A3D-4D8E-983E-DE70D45BF3B2}.Debug|x64.Build.0 = Debug|Any CPU
		{2698482D-5A3D-4D8E-983E-DE70D45BF3B2}.Debug|x86.ActiveCfg = Debug|Any CPU
		{2698482D-5A3D-4D8E-983E-DE70D45BF3B2}.Debug|x86.Build.0 = Debug|Any CPU
		{2698482D-5A3D-4D8E-983E-DE70D45BF3B2}.Release|Any CPU.ActiveCfg = Release|Any CPU
		{2698482D-5A3D-4D8E-983E-DE70D45BF3B2}.Release|Any CPU.Build.0 = Release|Any CPU
		{2698482D-5A3D-4D8E-983E-DE70D45BF3B2}.Release|x64.ActiveCfg = Release|Any CPU
		{2698482D-5A3D-4D8E-983E-DE70D45BF3B2}.Release|x64.Build.0 = Release|Any CPU
		{2698482D-5A3D-4D8E-983E-DE70D45BF3B2}.Release|x86.ActiveCfg = Release|Any CPU
		{2698482D-5A3D-4D8E-983E-DE70D45BF3B2}.Release|x86.Build.0 = Release|Any CPU
	EndGlobalSection
	GlobalSection(SolutionProperties) = preSolution
		HideSolutionNode = FALSE
	EndGlobalSection
	GlobalSection(ExtensibilityGlobals) = postSolution
		SolutionGuid = {3E92E265-AEDC-4F8C-9CEF-A5C083462241}
	EndGlobalSection
EndGlobal
